
Microsoft Visual Studio Solution File, Format Version 12.00
# Visual Studio Version 17
VisualStudioVersion = 17.10.34928.147
MinimumVisualStudioVersion = 10.0.40219.1
Project("{9A19103F-16F7-4668-BE54-9A1E7A4F7556}") = "Delegates_Introduction", "Delegates_Introduction\Delegates_Introduction.csproj", "{7B17D3C7-DF3D-43C9-835D-A565DD6F1B54}"
EndProject
Project("{FAE04EC0-301F-11D3-BF4B-00C04F79EFBC}") = "Genericos_Lecture", "Genericos_Lecture\Genericos_Lecture.csproj", "{436ED6FD-57E1-4B56-A1B6-8C1596620E98}"
EndProject
Project("{FAE04EC0-301F-11D3-BF4B-00C04F79EFBC}") = "DelegatesAndEvents", "DelegatesAndEvents\DelegatesAndEvents.csproj", "{F6A23F13-1955-42BF-811F-AAB5D492E6E9}"
EndProject
Global
	GlobalSection(SolutionConfigurationPlatforms) = preSolution
		Debug|Any CPU = Debug|Any CPU
		Release|Any CPU = Release|Any CPU
	EndGlobalSection
	GlobalSection(ProjectConfigurationPlatforms) = postSolution
		{7B17D3C7-DF3D-43C9-835D-A565DD6F1B54}.Debug|Any CPU.ActiveCfg = Debug|Any CPU
		{7B17D3C7-DF3D-43C9-835D-A565DD6F1B54}.Debug|Any CPU.Build.0 = Debug|Any CPU
		{7B17D3C7-DF3D-43C9-835D-A565DD6F1B54}.Release|Any CPU.ActiveCfg = Release|Any CPU
		{7B17D3C7-DF3D-43C9-835D-A565DD6F1B54}.Release|Any CPU.Build.0 = Release|Any CPU
		{436ED6FD-57E1-4B56-A1B6-8C1596620E98}.Debug|Any CPU.ActiveCfg = Debug|Any CPU
		{436ED6FD-57E1-4B56-A1B6-8C1596620E98}.Debug|Any CPU.Build.0 = Debug|Any CPU
		{436ED6FD-57E1-4B56-A1B6-8C1596620E98}.Release|Any CPU.ActiveCfg = Release|Any CPU
		{436ED6FD-57E1-4B56-A1B6-8C1596620E98}.Release|Any CPU.Build.0 = Release|Any CPU
		{F6A23F13-1955-42BF-811F-AAB5D492E6E9}.Debug|Any CPU.ActiveCfg = Debug|Any CPU
		{F6A23F13-1955-42BF-811F-AAB5D492E6E9}.Debug|Any CPU.Build.0 = Debug|Any CPU
		{F6A23F13-1955-42BF-811F-AAB5D492E6E9}.Release|Any CPU.ActiveCfg = Release|Any CPU
		{F6A23F13-1955-42BF-811F-AAB5D492E6E9}.Release|Any CPU.Build.0 = Release|Any CPU
	EndGlobalSection
	GlobalSection(SolutionProperties) = preSolution
		HideSolutionNode = FALSE
	EndGlobalSection
	GlobalSection(ExtensibilityGlobals) = postSolution
		SolutionGuid = {C420E67F-8A34-457B-80BB-54686E1032B7}
	EndGlobalSection
EndGlobal
